{
  "version": 4,
  "terraform_version": "0.12.21",
  "serial": 11,
  "lineage": "687c7ed6-00e0-6f4a-6753-5903194524a7",
  "outputs": {},
  "resources": [
    {
      "mode": "data",
      "type": "archive_file",
      "name": "lambda_zip",
      "provider": "provider.archive",
      "instances": [
        {
          "schema_version": 0,
          "attributes": {
            "excludes": null,
            "id": "c839fd5dd6e67e35b801b194b935b280b00dce1c",
            "output_base64sha256": "OyGzZB6yOLNBHDPh5bnlgyImtncytQbKnb8GbMPrzE0=",
            "output_md5": "56089ce2cb18cc27ccd460bfe2d4f019",
            "output_path": "lambda_function.zip",
            "output_sha": "c839fd5dd6e67e35b801b194b935b280b00dce1c",
            "output_size": 1434,
            "source": [],
            "source_content": null,
            "source_content_filename": null,
            "source_dir": null,
            "source_file": "kinesis-producer-call.py",
            "type": "zip"
          }
        }
      ]
    },
    {
      "mode": "managed",
      "type": "aws_iam_role",
      "name": "kinesis_iam_for_lambda_tf",
      "provider": "provider.aws",
      "instances": [
        {
          "schema_version": 0,
          "attributes": {
            "arn": "arn:aws:iam::604811335861:role/kinesis_iam_for_lambda_tf",
            "assume_role_policy": "{\"Version\":\"2012-10-17\",\"Statement\":[{\"Sid\":\"\",\"Effect\":\"Allow\",\"Principal\":{\"Service\":\"lambda.amazonaws.com\"},\"Action\":\"sts:AssumeRole\"}]}",
            "create_date": "2020-03-20T17:06:31Z",
            "description": "",
            "force_detach_policies": false,
            "id": "kinesis_iam_for_lambda_tf",
            "max_session_duration": 3600,
            "name": "kinesis_iam_for_lambda_tf",
            "name_prefix": null,
            "path": "/",
            "permissions_boundary": null,
            "tags": null,
            "unique_id": "AROAYZUMQTC25PJ56SGRT"
          },
          "private": "bnVsbA=="
        }
      ]
    },
    {
      "mode": "managed",
      "type": "aws_kinesis_stream",
      "name": "test_stream",
      "provider": "provider.aws",
      "instances": [
        {
          "schema_version": 1,
          "attributes": {
            "arn": "arn:aws:kinesis:us-west-2:604811335861:stream/surya-terraform-kinesis-test",
            "encryption_type": "NONE",
            "enforce_consumer_deletion": false,
            "id": "arn:aws:kinesis:us-west-2:604811335861:stream/surya-terraform-kinesis-test",
            "kms_key_id": "",
            "name": "surya-terraform-kinesis-test",
            "retention_period": 48,
            "shard_count": 1,
            "shard_level_metrics": [
              "IncomingBytes",
              "OutgoingBytes"
            ],
            "tags": {
              "Developer": "surya",
              "Environment": "tf_trial"
            },
            "timeouts": null
          },
          "private": "eyJlMmJmYjczMC1lY2FhLTExZTYtOGY4OC0zNDM2M2JjN2M0YzAiOnsiY3JlYXRlIjozMDAwMDAwMDAwMDAsImRlbGV0ZSI6NzIwMDAwMDAwMDAwMCwidXBkYXRlIjo3MjAwMDAwMDAwMDAwfSwic2NoZW1hX3ZlcnNpb24iOiIxIn0="
        }
      ]
    },
    {
      "mode": "managed",
      "type": "aws_lambda_function",
      "name": "test_lambda",
      "provider": "provider.aws",
      "instances": [
        {
          "schema_version": 0,
          "attributes": {
            "arn": "arn:aws:lambda:us-west-2:604811335861:function:kinesis_producer",
            "dead_letter_config": [],
            "description": "",
            "environment": [],
            "filename": "lambda_function.zip",
            "function_name": "kinesis_producer",
            "handler": "lambda_handler",
            "id": "kinesis_producer",
            "invoke_arn": "arn:aws:apigateway:us-west-2:lambda:path/2015-03-31/functions/arn:aws:lambda:us-west-2:604811335861:function:kinesis_producer/invocations",
            "kms_key_arn": "",
            "last_modified": "2020-03-20T17:06:41.481+0000",
            "layers": null,
            "memory_size": 128,
            "publish": false,
            "qualified_arn": "arn:aws:lambda:us-west-2:604811335861:function:kinesis_producer:$LATEST",
            "reserved_concurrent_executions": -1,
            "role": "arn:aws:iam::604811335861:role/kinesis_iam_for_lambda_tf",
            "runtime": "python3.6",
            "s3_bucket": null,
            "s3_key": null,
            "s3_object_version": null,
            "source_code_hash": "OyGzZB6yOLNBHDPh5bnlgyImtncytQbKnb8GbMPrzE0=",
            "source_code_size": 1434,
            "tags": null,
            "timeout": 3,
            "timeouts": null,
            "tracing_config": [
              {
                "mode": "PassThrough"
              }
            ],
            "version": "$LATEST",
            "vpc_config": []
          },
          "private": "eyJlMmJmYjczMC1lY2FhLTExZTYtOGY4OC0zNDM2M2JjN2M0YzAiOnsiY3JlYXRlIjo2MDAwMDAwMDAwMDB9fQ==",
          "dependencies": [
            "aws_iam_role.kinesis_iam_for_lambda_tf"
          ]
        }
      ]
    },
    {
      "mode": "managed",
      "type": "aws_s3_bucket",
      "name": "bucket1",
      "provider": "provider.aws",
      "instances": [
        {
          "schema_version": 0,
          "attributes": {
            "acceleration_status": "",
            "acl": "private",
            "arn": "arn:aws:s3:::surya-kinesis-bucket",
            "bucket": "surya-kinesis-bucket",
            "bucket_domain_name": "surya-kinesis-bucket.s3.amazonaws.com",
            "bucket_prefix": null,
            "bucket_regional_domain_name": "surya-kinesis-bucket.s3.us-west-2.amazonaws.com",
            "cors_rule": [],
            "force_destroy": false,
            "hosted_zone_id": "Z3BJ6K6RIION7M",
            "id": "surya-kinesis-bucket",
            "lifecycle_rule": [],
            "logging": [],
            "object_lock_configuration": [],
            "policy": null,
            "region": "us-west-2",
            "replication_configuration": [],
            "request_payer": "BucketOwner",
            "server_side_encryption_configuration": [],
            "tags": {
              "Developer": "surya",
              "Environment": "tf_trial"
            },
            "versioning": [
              {
                "enabled": false,
                "mfa_delete": false
              }
            ],
            "website": [],
            "website_domain": null,
            "website_endpoint": null
          },
          "private": "bnVsbA=="
        }
      ]
    }
  ]
}
